// !$*UTF8*$!
{
	archiveVersion = 1;
	classes = {
	};
	objectVersion = 77;
	objects = {

/* Begin PBXContainerItemProxy section */
		B4AFFE3C2CECC36E00E8868B /* PBXContainerItemProxy */ = {
			isa = PBXContainerItemProxy;
			containerPortal = B4AFFE1D2CECC36B00E8868B /* Project object */;
			proxyType = 1;
			remoteGlobalIDString = B4AFFE242CECC36B00E8868B;
			remoteInfo = LocalNotificationSample;
		};
		B4AFFE462CECC36E00E8868B /* PBXContainerItemProxy */ = {
			isa = PBXContainerItemProxy;
			containerPortal = B4AFFE1D2CECC36B00E8868B /* Project object */;
			proxyType = 1;
			remoteGlobalIDString = B4AFFE242CECC36B00E8868B;
			remoteInfo = LocalNotificationSample;
		};
/* End PBXContainerItemProxy section */

/* Begin PBXFileReference section */
		B4AFFE252CECC36B00E8868B /* LocalNotificationSample.app */ = {isa = PBXFileReference; explicitFileType = wrapper.application; includeInIndex = 0; path = LocalNotificationSample.app; sourceTree = BUILT_PRODUCTS_DIR; };
		B4AFFE3B2CECC36E00E8868B /* LocalNotificationSampleTests.xctest */ = {isa = PBXFileReference; explicitFileType = wrapper.cfbundle; includeInIndex = 0; path = LocalNotificationSampleTests.xctest; sourceTree = BUILT_PRODUCTS_DIR; };
		B4AFFE452CECC36E00E8868B /* LocalNotificationSampleUITests.xctest */ = {isa = PBXFileReference; explicitFileType = wrapper.cfbundle; includeInIndex = 0; path = LocalNotificationSampleUITests.xctest; sourceTree = BUILT_PRODUCTS_DIR; };
/* End PBXFileReference section */

/* Begin PBXFileSystemSynchronizedBuildFileExceptionSet section */
		B4AFFE4D2CECC36E00E8868B /* Exceptions for "LocalNotificationSample" folder in "LocalNotificationSample" target */ = {
			isa = PBXFileSystemSynchronizedBuildFileExceptionSet;
			membershipExceptions = (
				Info.plist,
			);
			target = B4AFFE242CECC36B00E8868B /* LocalNotificationSample */;
		};
/* End PBXFileSystemSynchronizedBuildFileExceptionSet section */

/* Begin PBXFileSystemSynchronizedRootGroup section */
		B4AFFE272CECC36B00E8868B /* LocalNotificationSample */ = {
			isa = PBXFileSystemSynchronizedRootGroup;
			exceptions = (
				B4AFFE4D2CECC36E00E8868B /* Exceptions for "LocalNotificationSample" folder in "LocalNotificationSample" target */,
			);
			path = LocalNotificationSample;
			sourceTree = "<group>";
		};
		B4AFFE3E2CECC36E00E8868B /* LocalNotificationSampleTests */ = {
			isa = PBXFileSystemSynchronizedRootGroup;
			path = LocalNotificationSampleTests;
			sourceTree = "<group>";
		};
		B4AFFE482CECC36E00E8868B /* LocalNotificationSampleUITests */ = {
			isa = PBXFileSystemSynchronizedRootGroup;
			path = LocalNotificationSampleUITests;
			sourceTree = "<group>";
		};
/* End PBXFileSystemSynchronizedRootGroup section */

/* Begin PBXFrameworksBuildPhase section */
		B4AFFE222CECC36B00E8868B /* Frameworks */ = {
			isa = PBXFrameworksBuildPhase;
			buildActionMask = 2147483647;
			files = (
			);
			runOnlyForDeploymentPostprocessing = 0;
		};
		B4AFFE382CECC36E00E8868B /* Frameworks */ = {
			isa = PBXFrameworksBuildPhase;
			buildActionMask = 2147483647;
			files = (
			);
			runOnlyForDeploymentPostprocessing = 0;
		};
		B4AFFE422CECC36E00E8868B /* Frameworks */ = {
			isa = PBXFrameworksBuildPhase;
			buildActionMask = 2147483647;
			files = (
			);
			runOnlyForDeploymentPostprocessing = 0;
		};
/* End PBXFrameworksBuildPhase section */

/* Begin PBXGroup section */
		B4AFFE1C2CECC36B00E8868B = {
			isa = PBXGroup;
			children = (
				B4AFFE272CECC36B00E8868B /* LocalNotificationSample */,
				B4AFFE3E2CECC36E00E8868B /* LocalNotificationSampleTests */,
				B4AFFE482CECC36E00E8868B /* LocalNotificationSampleUITests */,
				B4AFFE262CECC36B00E8868B /* Products */,
			);
			sourceTree = "<group>";
		};
		B4AFFE262CECC36B00E8868B /* Products */ = {
			isa = PBXGroup;
			children = (
				B4AFFE252CECC36B00E8868B /* LocalNotificationSample.app */,
				B4AFFE3B2CECC36E00E8868B /* LocalNotificationSampleTests.xctest */,
				B4AFFE452CECC36E00E8868B /* LocalNotificationSampleUITests.xctest */,
			);
			name = Products;
			sourceTree = "<group>";
		};
/* End PBXGroup section */

/* Begin PBXNativeTarget section */
		B4AFFE242CECC36B00E8868B /* LocalNotificationSample */ = {
			isa = PBXNativeTarget;
			buildConfigurationList = B4AFFE4E2CECC36E00E8868B /* Build configuration list for PBXNativeTarget "LocalNotificationSample" */;
			buildPhases = (
				B4AFFE212CECC36B00E8868B /* Sources */,
				B4AFFE222CECC36B00E8868B /* Frameworks */,
				B4AFFE232CECC36B00E8868B /* Resources */,
			);
			buildRules = (
			);
			dependencies = (
			);
			fileSystemSynchronizedGroups = (
				B4AFFE272CECC36B00E8868B /* LocalNotificationSample */,
			);
			name = LocalNotificationSample;
			packageProductDependencies = (
			);
			productName = LocalNotificationSample;
			productReference = B4AFFE252CECC36B00E8868B /* LocalNotificationSample.app */;
			productType = "com.apple.product-type.application";
		};
		B4AFFE3A2CECC36E00E8868B /* LocalNotificationSampleTests */ = {
			isa = PBXNativeTarget;
			buildConfigurationList = B4AFFE532CECC36E00E8868B /* Build configuration list for PBXNativeTarget "LocalNotificationSampleTests" */;
			buildPhases = (
				B4AFFE372CECC36E00E8868B /* Sources */,
				B4AFFE382CECC36E00E8868B /* Frameworks */,
				B4AFFE392CECC36E00E8868B /* Resources */,
			);
			buildRules = (
			);
			dependencies = (
				B4AFFE3D2CECC36E00E8868B /* PBXTargetDependency */,
			);
			fileSystemSynchronizedGroups = (
				B4AFFE3E2CECC36E00E8868B /* LocalNotificationSampleTests */,
			);
			name = LocalNotificationSampleTests;
			packageProductDependencies = (
			);
			productName = LocalNotificationSampleTests;
			productReference = B4AFFE3B2CECC36E00E8868B /* LocalNotificationSampleTests.xctest */;
			productType = "com.apple.product-type.bundle.unit-test";
		};
		B4AFFE442CECC36E00E8868B /* LocalNotificationSampleUITests */ = {
			isa = PBXNativeTarget;
			buildConfigurationList = B4AFFE562CECC36E00E8868B /* Build configuration list for PBXNativeTarget "LocalNotificationSampleUITests" */;
			buildPhases = (
				B4AFFE412CECC36E00E8868B /* Sources */,
				B4AFFE422CECC36E00E8868B /* Frameworks */,
				B4AFFE432CECC36E00E8868B /* Resources */,
			);
			buildRules = (
			);
			dependencies = (
				B4AFFE472CECC36E00E8868B /* PBXTargetDependency */,
			);
			fileSystemSynchronizedGroups = (
				B4AFFE482CECC36E00E8868B /* LocalNotificationSampleUITests */,
			);
			name = LocalNotificationSampleUITests;
			packageProductDependencies = (
			);
			productName = LocalNotificationSampleUITests;
			productReference = B4AFFE452CECC36E00E8868B /* LocalNotificationSampleUITests.xctest */;
			productType = "com.apple.product-type.bundle.ui-testing";
		};
/* End PBXNativeTarget section */

/* Begin PBXProject section */
		B4AFFE1D2CECC36B00E8868B /* Project object */ = {
			isa = PBXProject;
			attributes = {
				BuildIndependentTargetsInParallel = 1;
				LastSwiftUpdateCheck = 1610;
				LastUpgradeCheck = 1610;
				TargetAttributes = {
					B4AFFE242CECC36B00E8868B = {
						CreatedOnToolsVersion = 16.1;
					};
					B4AFFE3A2CECC36E00E8868B = {
						CreatedOnToolsVersion = 16.1;
						TestTargetID = B4AFFE242CECC36B00E8868B;
					};
					B4AFFE442CECC36E00E8868B = {
						CreatedOnToolsVersion = 16.1;
						TestTargetID = B4AFFE242CECC36B00E8868B;
					};
				};
			};
			buildConfigurationList = B4AFFE202CECC36B00E8868B /* Build configuration list for PBXProject "LocalNotificationSample" */;
			developmentRegion = en;
			hasScannedForEncodings = 0;
			knownRegions = (
				en,
				Base,
			);
			mainGroup = B4AFFE1C2CECC36B00E8868B;
			minimizedProjectReferenceProxies = 1;
			preferredProjectObjectVersion = 77;
			productRefGroup = B4AFFE262CECC36B00E8868B /* Products */;
			projectDirPath = "";
			projectRoot = "";
			targets = (
				B4AFFE242CECC36B00E8868B /* LocalNotificationSample */,
				B4AFFE3A2CECC36E00E8868B /* LocalNotificationSampleTests */,
				B4AFFE442CECC36E00E8868B /* LocalNotificationSampleUITests */,
			);
		};
/* End PBXProject section */

/* Begin PBXResourcesBuildPhase section */
		B4AFFE232CECC36B00E8868B /* Resources */ = {
			isa = PBXResourcesBuildPhase;
			buildActionMask = 2147483647;
			files = (
			);
			runOnlyForDeploymentPostprocessing = 0;
		};
		B4AFFE392CECC36E00E8868B /* Resources */ = {
			isa = PBXResourcesBuildPhase;
			buildActionMask = 2147483647;
			files = (
			);
			runOnlyForDeploymentPostprocessing = 0;
		};
		B4AFFE432CECC36E00E8868B /* Resources */ = {
			isa = PBXResourcesBuildPhase;
			buildActionMask = 2147483647;
			files = (
			);
			runOnlyForDeploymentPostprocessing = 0;
		};
/* End PBXResourcesBuildPhase section */

/* Begin PBXSourcesBuildPhase section */
		B4AFFE212CECC36B00E8868B /* Sources */ = {
			isa = PBXSourcesBuildPhase;
			buildActionMask = 2147483647;
			files = (
			);
			runOnlyForDeploymentPostprocessing = 0;
		};
		B4AFFE372CECC36E00E8868B /* Sources */ = {
			isa = PBXSourcesBuildPhase;
			buildActionMask = 2147483647;
			files = (
			);
			runOnlyForDeploymentPostprocessing = 0;
		};
		B4AFFE412CECC36E00E8868B /* Sources */ = {
			isa = PBXSourcesBuildPhase;
			buildActionMask = 2147483647;
			files = (
			);
			runOnlyForDeploymentPostprocessing = 0;
		};
/* End PBXSourcesBuildPhase section */

/* Begin PBXTargetDependency section */
		B4AFFE3D2CECC36E00E8868B /* PBXTargetDependency */ = {
			isa = PBXTargetDependency;
			target = B4AFFE242CECC36B00E8868B /* LocalNotificationSample */;
			targetProxy = B4AFFE3C2CECC36E00E8868B /* PBXContainerItemProxy */;
		};
		B4AFFE472CECC36E00E8868B /* PBXTargetDependency */ = {
			isa = PBXTargetDependency;
			target = B4AFFE242CECC36B00E8868B /* LocalNotificationSample */;
			targetProxy = B4AFFE462CECC36E00E8868B /* PBXContainerItemProxy */;
		};
/* End PBXTargetDependency section */

/* Begin XCBuildConfiguration section */
		B4AFFE4F2CECC36E00E8868B /* Debug */ = {
			isa = XCBuildConfiguration;
			buildSettings = {
				ASSETCATALOG_COMPILER_APPICON_NAME = AppIcon;
				ASSETCATALOG_COMPILER_GLOBAL_ACCENT_COLOR_NAME = AccentColor;
				CODE_SIGN_STYLE = Automatic;
				CURRENT_PROJECT_VERSION = 1;
				GENERATE_INFOPLIST_FILE = YES;
				INFOPLIST_FILE = LocalNotificationSample/Info.plist;
				INFOPLIST_KEY_UIApplicationSupportsIndirectInputEvents = YES;
				INFOPLIST_KEY_UILaunchStoryboardName = LaunchScreen;
				INFOPLIST_KEY_UIMainStoryboardFile = Main;
				INFOPLIST_KEY_UISupportedInterfaceOrientations_iPad = "UIInterfaceOrientationPortrait UIInterfaceOrientationPortraitUpsideDown UIInterfaceOrientationLandscapeLeft UIInterfaceOrientationLandscapeRight";
				INFOPLIST_KEY_UISupportedInterfaceOrientations_iPhone = "UIInterfaceOrientationPortrait UIInterfaceOrientationLandscapeLeft UIInterfaceOrientationLandscapeRight";
				LD_RUNPATH_SEARCH_PATHS = (
					"$(inherited)",
					"@executable_path/Frameworks",
				);
				MARKETING_VERSION = 1.0;
				PRODUCT_BUNDLE_IDENTIFIER = mantosh.LocalNotificationSample;
				PRODUCT_NAME = "$(TARGET_NAME)";
				SWIFT_EMIT_LOC_STRINGS = YES;
				SWIFT_VERSION = 5.0;
				TARGETED_DEVICE_FAMILY = "1,2";
			};
			name = Debug;
		};
		B4AFFE502CECC36E00E8868B /* Release */ = {
			isa = XCBuildConfiguration;
			buildSettings = {
				ASSETCATALOG_COMPILER_APPICON_NAME = AppIcon;
				ASSETCATALOG_COMPILER_GLOBAL_ACCENT_COLOR_NAME = AccentColor;
				CODE_SIGN_STYLE = Automatic;
				CURRENT_PROJECT_VERSION = 1;
				GENERATE_INFOPLIST_FILE = YES;
				INFOPLIST_FILE = LocalNotificationSample/Info.plist;
				INFOPLIST_KEY_UIApplicationSupportsIndirectInputEvents = YES;
				INFOPLIST_KEY_UILaunchStoryboardName = LaunchScreen;
				INFOPLIST_KEY_UIMainStoryboardFile = Main;
				INFOPLIST_KEY_UISupportedInterfaceOrientations_iPad = "UIInterfaceOrientationPortrait UIInterfaceOrientationPortraitUpsideDown UIInterfaceOrientationLandscapeLeft UIInterfaceOrientationLandscapeRight";
				INFOPLIST_KEY_UISupportedInterfaceOrientations_iPhone = "UIInterfaceOrientationPortrait UIInterfaceOrientationLandscapeLeft UIInterfaceOrientationLandscapeRight";
				LD_RUNPATH_SEARCH_PATHS = (
					"$(inherited)",
					"@executable_path/Frameworks",
				);
				MARKETING_VERSION = 1.0;
				PRODUCT_BUNDLE_IDENTIFIER = mantosh.LocalNotificationSample;
				PRODUCT_NAME = "$(TARGET_NAME)";
				SWIFT_EMIT_LOC_STRINGS = YES;
				SWIFT_VERSION = 5.0;
				TARGETED_DEVICE_FAMILY = "1,2";
			};
			name = Release;
		};
		B4AFFE512CECC36E00E8868B /* Debug */ = {
			isa = XCBuildConfiguration;
			buildSettings = {
				ALWAYS_SEARCH_USER_PATHS = NO;
				ASSETCATALOG_COMPILER_GENERATE_SWIFT_ASSET_SYMBOL_EXTENSIONS = YES;
				CLANG_ANALYZER_NONNULL = YES;
				CLANG_ANALYZER_NUMBER_OBJECT_CONVERSION = YES_AGGRESSIVE;
				CLANG_CXX_LANGUAGE_STANDARD = "gnu++20";
				CLANG_ENABLE_MODULES = YES;
				CLANG_ENABLE_OBJC_ARC = YES;
				CLANG_ENABLE_OBJC_WEAK = YES;
				CLANG_WARN_BLOCK_CAPTURE_AUTORELEASING = YES;
				CLANG_WARN_BOOL_CONVERSION = YES;
				CLANG_WARN_COMMA = YES;
				CLANG_WARN_CONSTANT_CONVERSION = YES;
				CLANG_WARN_DEPRECATED_OBJC_IMPLEMENTATIONS = YES;
				CLANG_WARN_DIRECT_OBJC_ISA_USAGE = YES_ERROR;
				CLANG_WARN_DOCUMENTATION_COMMENTS = YES;
				CLANG_WARN_EMPTY_BODY = YES;
				CLANG_WARN_ENUM_CONVERSION = YES;
				CLANG_WARN_INFINITE_RECURSION = YES;
				CLANG_WARN_INT_CONVERSION = YES;
				CLANG_WARN_NON_LITERAL_NULL_CONVERSION = YES;
				CLANG_WARN_OBJC_IMPLICIT_RETAIN_SELF = YES;
				CLANG_WARN_OBJC_LITERAL_CONVERSION = YES;
				CLANG_WARN_OBJC_ROOT_CLASS = YES_ERROR;
				CLANG_WARN_QUOTED_INCLUDE_IN_FRAMEWORK_HEADER = YES;
				CLANG_WARN_RANGE_LOOP_ANALYSIS = YES;
				CLANG_WARN_STRICT_PROTOTYPES = YES;
				CLANG_WARN_SUSPICIOUS_MOVE = YES;
				CLANG_WARN_UNGUARDED_AVAILABILITY = YES_AGGRESSIVE;
				CLANG_WARN_UNREACHABLE_CODE = YES;
				CLANG_WARN__DUPLICATE_METHOD_MATCH = YES;
				COPY_PHASE_STRIP = NO;
				DEBUG_INFORMATION_FORMAT = dwarf;
				ENABLE_STRICT_OBJC_MSGSEND = YES;
				ENABLE_TESTABILITY = YES;
				ENABLE_USER_SCRIPT_SANDBOXING = YES;
				GCC_C_LANGUAGE_STANDARD = gnu17;
				GCC_DYNAMIC_NO_PIC = NO;
				GCC_NO_COMMON_BLOCKS = YES;
				GCC_OPTIMIZATION_LEVEL = 0;
				GCC_PREPROCESSOR_DEFINITIONS = (
					"DEBUG=1",
					"$(inherited)",
				);
				GCC_WARN_64_TO_32_BIT_CONVERSION = YES;
				GCC_WARN_ABOUT_RETURN_TYPE = YES_ERROR;
				GCC_WARN_UNDECLARED_SELECTOR = YES;
				GCC_WARN_UNINITIALIZED_AUTOS = YES_AGGRESSIVE;
				GCC_WARN_UNUSED_FUNCTION = YES;
				GCC_WARN_UNUSED_VARIABLE = YES;
				IPHONEOS_DEPLOYMENT_TARGET = 18.1;
				LOCALIZATION_PREFERS_STRING_CATALOGS = YES;
				MTL_ENABLE_DEBUG_INFO = INCLUDE_SOURCE;
				MTL_FAST_MATH = YES;
				ONLY_ACTIVE_ARCH = YES;
				SDKROOT = iphoneos;
				SWIFT_ACTIVE_COMPILATION_CONDITIONS = "DEBUG $(inherited)";
				SWIFT_OPTIMIZATION_LEVEL = "-Onone";
			};
			name = Debug;
		};
		B4AFFE522CECC36E00E8868B /* Release */ = {
			isa = XCBuildConfiguration;
			buildSettings = {
				ALWAYS_SEARCH_USER_PATHS = NO;
				ASSETCATALOG_COMPILER_GENERATE_SWIFT_ASSET_SYMBOL_EXTENSIONS = YES;
				CLANG_ANALYZER_NONNULL = YES;
				CLANG_ANALYZER_NUMBER_OBJECT_CONVERSION = YES_AGGRESSIVE;
				CLANG_CXX_LANGUAGE_STANDARD = "gnu++20";
				CLANG_ENABLE_MODULES = YES;
				CLANG_ENABLE_OBJC_ARC = YES;
				CLANG_ENABLE_OBJC_WEAK = YES;
				CLANG_WARN_BLOCK_CAPTURE_AUTORELEASING = YES;
				CLANG_WARN_BOOL_CONVERSION = YES;
				CLANG_WARN_COMMA = YES;
				CLANG_WARN_CONSTANT_CONVERSION = YES;
				CLANG_WARN_DEPRECATED_OBJC_IMPLEMENTATIONS = YES;
				CLANG_WARN_DIRECT_OBJC_ISA_USAGE = YES_ERROR;
				CLANG_WARN_DOCUMENTATION_COMMENTS = YES;
				CLANG_WARN_EMPTY_BODY = YES;
				CLANG_WARN_ENUM_CONVERSION = YES;
				CLANG_WARN_INFINITE_RECURSION = YES;
				CLANG_WARN_INT_CONVERSION = YES;
				CLANG_WARN_NON_LITERAL_NULL_CONVERSION = YES;
				CLANG_WARN_OBJC_IMPLICIT_RETAIN_SELF = YES;
				CLANG_WARN_OBJC_LITERAL_CONVERSION = YES;
				CLANG_WARN_OBJC_ROOT_CLASS = YES_ERROR;
				CLANG_WARN_QUOTED_INCLUDE_IN_FRAMEWORK_HEADER = YES;
				CLANG_WARN_RANGE_LOOP_ANALYSIS = YES;
				CLANG_WARN_STRICT_PROTOTYPES = YES;
				CLANG_WARN_SUSPICIOUS_MOVE = YES;
				CLANG_WARN_UNGUARDED_AVAILABILITY = YES_AGGRESSIVE;
				CLANG_WARN_UNREACHABLE_CODE = YES;
				CLANG_WARN__DUPLICATE_METHOD_MATCH = YES;
				COPY_PHASE_STRIP = NO;
				DEBUG_INFORMATION_FORMAT = "dwarf-with-dsym";
				ENABLE_NS_ASSERTIONS = NO;
				ENABLE_STRICT_OBJC_MSGSEND = YES;
				ENABLE_USER_SCRIPT_SANDBOXING = YES;
				GCC_C_LANGUAGE_STANDARD = gnu17;
				GCC_NO_COMMON_BLOCKS = YES;
				GCC_WARN_64_TO_32_BIT_CONVERSION = YES;
				GCC_WARN_ABOUT_RETURN_TYPE = YES_ERROR;
				GCC_WARN_UNDECLARED_SELECTOR = YES;
				GCC_WARN_UNINITIALIZED_AUTOS = YES_AGGRESSIVE;
				GCC_WARN_UNUSED_FUNCTION = YES;
				GCC_WARN_UNUSED_VARIABLE = YES;
				IPHONEOS_DEPLOYMENT_TARGET = 18.1;
				LOCALIZATION_PREFERS_STRING_CATALOGS = YES;
				MTL_ENABLE_DEBUG_INFO = NO;
				MTL_FAST_MATH = YES;
				SDKROOT = iphoneos;
				SWIFT_COMPILATION_MODE = wholemodule;
				VALIDATE_PRODUCT = YES;
			};
			name = Release;
		};
		B4AFFE542CECC36E00E8868B /* Debug */ = {
			isa = XCBuildConfiguration;
			buildSettings = {
				BUNDLE_LOADER = "$(TEST_HOST)";
				CODE_SIGN_STYLE = Automatic;
				CURRENT_PROJECT_VERSION = 1;
				GENERATE_INFOPLIST_FILE = YES;
				IPHONEOS_DEPLOYMENT_TARGET = 18.1;
				MARKETING_VERSION = 1.0;
				PRODUCT_BUNDLE_IDENTIFIER = mantosh.LocalNotificationSampleTests;
				PRODUCT_NAME = "$(TARGET_NAME)";
				SWIFT_EMIT_LOC_STRINGS = NO;
				SWIFT_VERSION = 5.0;
				TARGETED_DEVICE_FAMILY = "1,2";
				TEST_HOST = "$(BUILT_PRODUCTS_DIR)/LocalNotificationSample.app/$(BUNDLE_EXECUTABLE_FOLDER_PATH)/LocalNotificationSample";
			};
			name = Debug;
		};
		B4AFFE552CECC36E00E8868B /* Release */ = {
			isa = XCBuildConfiguration;
			buildSettings = {
				BUNDLE_LOADER = "$(TEST_HOST)";
				CODE_SIGN_STYLE = Automatic;
				CURRENT_PROJECT_VERSION = 1;
				GENERATE_INFOPLIST_FILE = YES;
				IPHONEOS_DEPLOYMENT_TARGET = 18.1;
				MARKETING_VERSION = 1.0;
				PRODUCT_BUNDLE_IDENTIFIER = mantosh.LocalNotificationSampleTests;
				PRODUCT_NAME = "$(TARGET_NAME)";
				SWIFT_EMIT_LOC_STRINGS = NO;
				SWIFT_VERSION = 5.0;
				TARGETED_DEVICE_FAMILY = "1,2";
				TEST_HOST = "$(BUILT_PRODUCTS_DIR)/LocalNotificationSample.app/$(BUNDLE_EXECUTABLE_FOLDER_PATH)/LocalNotificationSample";
			};
			name = Release;
		};
		B4AFFE572CECC36E00E8868B /* Debug */ = {
			isa = XCBuildConfiguration;
			buildSettings = {
				CODE_SIGN_STYLE = Automatic;
				CURRENT_PROJECT_VERSION = 1;
				GENERATE_INFOPLIST_FILE = YES;
				MARKETING_VERSION = 1.0;
				PRODUCT_BUNDLE_IDENTIFIER = mantosh.LocalNotificationSampleUITests;
				PRODUCT_NAME = "$(TARGET_NAME)";
				SWIFT_EMIT_LOC_STRINGS = NO;
				SWIFT_VERSION = 5.0;
				TARGETED_DEVICE_FAMILY = "1,2";
				TEST_TARGET_NAME = LocalNotificationSample;
			};
			name = Debug;
		};
		B4AFFE582CECC36E00E8868B /* Release */ = {
			isa = XCBuildConfiguration;
			buildSettings = {
				CODE_SIGN_STYLE = Automatic;
				CURRENT_PROJECT_VERSION = 1;
				GENERATE_INFOPLIST_FILE = YES;
				MARKETING_VERSION = 1.0;
				PRODUCT_BUNDLE_IDENTIFIER = mantosh.LocalNotificationSampleUITests;
				PRODUCT_NAME = "$(TARGET_NAME)";
				SWIFT_EMIT_LOC_STRINGS = NO;
				SWIFT_VERSION = 5.0;
				TARGETED_DEVICE_FAMILY = "1,2";
				TEST_TARGET_NAME = LocalNotificationSample;
			};
			name = Release;
		};
/* End XCBuildConfiguration section */

/* Begin XCConfigurationList section */
		B4AFFE202CECC36B00E8868B /* Build configuration list for PBXProject "LocalNotificationSample" */ = {
			isa = XCConfigurationList;
			buildConfigurations = (
				B4AFFE512CECC36E00E8868B /* Debug */,
				B4AFFE522CECC36E00E8868B /* Release */,
			);
			defaultConfigurationIsVisible = 0;
			defaultConfigurationName = Release;
		};
		B4AFFE4E2CECC36E00E8868B /* Build configuration list for PBXNativeTarget "LocalNotificationSample" */ = {
			isa = XCConfigurationList;
			buildConfigurations = (
				B4AFFE4F2CECC36E00E8868B /* Debug */,
				B4AFFE502CECC36E00E8868B /* Release */,
			);
			defaultConfigurationIsVisible = 0;
			defaultConfigurationName = Release;
		};
		B4AFFE532CECC36E00E8868B /* Build configuration list for PBXNativeTarget "LocalNotificationSampleTests" */ = {
			isa = XCConfigurationList;
			buildConfigurations = (
				B4AFFE542CECC36E00E8868B /* Debug */,
				B4AFFE552CECC36E00E8868B /* Release */,
			);
			defaultConfigurationIsVisible = 0;
			defaultConfigurationName = Release;
		};
		B4AFFE562CECC36E00E8868B /* Build configuration list for PBXNativeTarget "LocalNotificationSampleUITests" */ = {
			isa = XCConfigurationList;
			buildConfigurations = (
				B4AFFE572CECC36E00E8868B /* Debug */,
				B4AFFE582CECC36E00E8868B /* Release */,
			);
			defaultConfigurationIsVisible = 0;
			defaultConfigurationName = Release;
		};
/* End XCConfigurationList section */
	};
	rootObject = B4AFFE1D2CECC36B00E8868B /* Project object */;
}
